lockfileVersion: 5.3

specifiers:
  '@babel/runtime': ^7.15.4
  meteor-node-stubs: ^1.1.0
  sass: ^1.48.0
  svelte: 3.27.0

dependencies:
  '@babel/runtime': 7.16.7
  meteor-node-stubs: 1.1.0
  sass: 1.48.0
  svelte: 3.27.0

packages:

  /@babel/runtime/7.16.7:
    resolution: {integrity: sha512-9E9FJowqAsytyOY6LG+1KuueckRL+aQW+mKvXRXnuFGyRAyepJPmEo9vgMfXUA6O9u3IeEdv9MAkppFcaQwogQ==}
    engines: {node: '>=6.9.0'}
    dependencies:
      regenerator-runtime: 0.13.9
    dev: false

  /anymatch/3.1.2:
    resolution: {integrity: sha512-P43ePfOAIupkguHUycrc4qJ9kz8ZiuOUijaETwX7THt0Y/GNK7v0aa8rY816xWjZ7rJdA5XdMcpVFTKMq+RvWg==}
    engines: {node: '>= 8'}
    dependencies:
      normalize-path: 3.0.0
      picomatch: 2.3.1
    dev: false

  /binary-extensions/2.2.0:
    resolution: {integrity: sha512-jDctJ/IVQbZoJykoeHbhXpOlNBqGNcwXJKJog42E5HDPUwQTSdjCHdihjj0DlnheQ7blbT6dHOafNAiS8ooQKA==}
    engines: {node: '>=8'}
    dev: false

  /bn.js/4.12.0:
    resolution: {integrity: sha512-c98Bf3tPniI+scsdk237ku1Dc3ujXQTSgyiPUDEOe7tRkhrqridvh8klBv0HCEso1OLOYcHuCv/cS6DNxKH+ZA==}
    dev: false

  /braces/3.0.2:
    resolution: {integrity: sha512-b8um+L1RzM3WDSzvhm6gIz1yfTbBt6YTlcEKAvsmqCZZFw46z626lVj9j1yEPW33H5H+lBQpZMP1k8l+78Ha0A==}
    engines: {node: '>=8'}
    dependencies:
      fill-range: 7.0.1
    dev: false

  /brorand/1.1.0:
    resolution: {integrity: sha1-EsJe/kCkXjwyPrhnWgoM5XsiNx8=}
    dev: false

  /chokidar/3.5.2:
    resolution: {integrity: sha512-ekGhOnNVPgT77r4K/U3GDhu+FQ2S8TnK/s2KbIGXi0SZWuwkZ2QNyfWdZW+TVfn84DpEP7rLeCt2UI6bJ8GwbQ==}
    engines: {node: '>= 8.10.0'}
    dependencies:
      anymatch: 3.1.2
      braces: 3.0.2
      glob-parent: 5.1.2
      is-binary-path: 2.1.0
      is-glob: 4.0.3
      normalize-path: 3.0.0
      readdirp: 3.6.0
    optionalDependencies:
      fsevents: 2.3.2
    dev: false

  /elliptic/6.5.4:
    resolution: {integrity: sha512-iLhC6ULemrljPZb+QutR5TQGB+pdW6KGD5RSegS+8sorOZT+rdQFbsQFJgvN3eRqNALqJer4oQ16YvJHlU8hzQ==}
    dependencies:
      bn.js: 4.12.0
      brorand: 1.1.0
      hash.js: 1.1.7
      hmac-drbg: 1.0.1
      inherits: 2.0.4
      minimalistic-assert: 1.0.1
      minimalistic-crypto-utils: 1.0.1
    dev: false

  /fill-range/7.0.1:
    resolution: {integrity: sha512-qOo9F+dMUmC2Lcb4BbVvnKJxTPjCm+RRpe4gDuGrzkL7mEVl/djYSu2OdQ2Pa302N4oqkSg9ir6jaLWJ2USVpQ==}
    engines: {node: '>=8'}
    dependencies:
      to-regex-range: 5.0.1
    dev: false

  /fsevents/2.3.2:
    resolution: {integrity: sha512-xiqMQR4xAeHTuB9uWm+fFRcIOgKBMiOBP+eXiyT7jsgVCq1bkVygt00oASowB7EdtpOHaaPgKt812P9ab+DDKA==}
    engines: {node: ^8.16.0 || ^10.6.0 || >=11.0.0}
    os: [darwin]
    requiresBuild: true
    dev: false
    optional: true

  /glob-parent/5.1.2:
    resolution: {integrity: sha512-AOIgSQCepiJYwP3ARnGx+5VnTu2HBYdzbGP45eLw1vr3zB3vZLeyed1sC9hnbcOc9/SrMyM5RPQrkGz4aS9Zow==}
    engines: {node: '>= 6'}
    dependencies:
      is-glob: 4.0.3
    dev: false

  /hash.js/1.1.7:
    resolution: {integrity: sha512-taOaskGt4z4SOANNseOviYDvjEJinIkRgmp7LbKP2YTTmVxWBl87s/uzK9r+44BclBSp2X7K1hqeNfz9JbBeXA==}
    dependencies:
      inherits: 2.0.4
      minimalistic-assert: 1.0.1
    dev: false

  /hmac-drbg/1.0.1:
    resolution: {integrity: sha1-0nRXAQJabHdabFRXk+1QL8DGSaE=}
    dependencies:
      hash.js: 1.1.7
      minimalistic-assert: 1.0.1
      minimalistic-crypto-utils: 1.0.1
    dev: false

  /immutable/4.0.0:
    resolution: {integrity: sha512-zIE9hX70qew5qTUjSS7wi1iwj/l7+m54KWU247nhM3v806UdGj1yDndXj+IOYxxtW9zyLI+xqFNZjTuDaLUqFw==}
    dev: false

  /inherits/2.0.4:
    resolution: {integrity: sha512-k/vGaX4/Yla3WzyMCvTQOXYeIHvqOKtnqBduzTHpzpQZzAskKMhZ2K+EnBiSM9zGSoIFeMpXKxa4dYeZIQqewQ==}
    dev: false

  /is-binary-path/2.1.0:
    resolution: {integrity: sha512-ZMERYes6pDydyuGidse7OsHxtbI7WVeUEozgR/g7rd0xUimYNlvZRE/K2MgZTjWy725IfelLeVcEM97mmtRGXw==}
    engines: {node: '>=8'}
    dependencies:
      binary-extensions: 2.2.0
    dev: false

  /is-extglob/2.1.1:
    resolution: {integrity: sha1-qIwCU1eR8C7TfHahueqXc8gz+MI=}
    engines: {node: '>=0.10.0'}
    dev: false

  /is-glob/4.0.3:
    resolution: {integrity: sha512-xelSayHH36ZgE7ZWhli7pW34hNbNl8Ojv5KVmkJD4hBdD3th8Tfk9vYasLM+mXWOZhFkgZfxhLSnrwRr4elSSg==}
    engines: {node: '>=0.10.0'}
    dependencies:
      is-extglob: 2.1.1
    dev: false

  /is-number/7.0.0:
    resolution: {integrity: sha512-41Cifkg6e8TylSpdtTpeLVMqvSBEVzTttHvERD741+pnZ8ANv0004MRL43QKPDlK9cGvNp6NZWZUBlbGXYxxng==}
    engines: {node: '>=0.12.0'}
    dev: false

  /meteor-node-stubs/1.1.0:
    resolution: {integrity: sha512-YvMQb4zcfWA82wFdRVTyxq28GO+Us7GSdtP+bTtC/mV35yipKnWo4W4665O57AmLVFnz4zR+WIZW11b4sfCtJw==}
    dependencies:
      elliptic: 6.5.4
    dev: false
    bundledDependencies:
      - assert
      - browserify-zlib
      - buffer
      - console-browserify
      - constants-browserify
      - crypto-browserify
      - domain-browser
      - events
      - https-browserify
      - os-browserify
      - path-browserify
      - process
      - punycode
      - querystring-es3
      - readable-stream
      - stream-browserify
      - stream-http
      - string_decoder
      - timers-browserify
      - tty-browserify
      - url
      - util
      - vm-browserify

  /minimalistic-assert/1.0.1:
    resolution: {integrity: sha512-UtJcAD4yEaGtjPezWuO9wC4nwUnVH/8/Im3yEHQP4b67cXlD/Qr9hdITCU1xDbSEXg2XKNaP8jsReV7vQd00/A==}
    dev: false

  /minimalistic-crypto-utils/1.0.1:
    resolution: {integrity: sha1-9sAMHAsIIkblxNmd+4x8CDsrWCo=}
    dev: false

  /normalize-path/3.0.0:
    resolution: {integrity: sha512-6eZs5Ls3WtCisHWp9S2GUy8dqkpGi4BVSz3GaqiE6ezub0512ESztXUwUB6C6IKbQkY2Pnb/mD4WYojCRwcwLA==}
    engines: {node: '>=0.10.0'}
    dev: false

  /picomatch/2.3.1:
    resolution: {integrity: sha512-JU3teHTNjmE2VCGFzuY8EXzCDVwEqB2a8fsIvwaStHhAWJEeVd1o1QD80CU6+ZdEXXSLbSsuLwJjkCBWqRQUVA==}
    engines: {node: '>=8.6'}
    dev: false

  /readdirp/3.6.0:
    resolution: {integrity: sha512-hOS089on8RduqdbhvQ5Z37A0ESjsqz6qnRcffsMU3495FuTdqSm+7bhJ29JvIOsBDEEnan5DPu9t3To9VRlMzA==}
    engines: {node: '>=8.10.0'}
    dependencies:
      picomatch: 2.3.1
    dev: false

  /regenerator-runtime/0.13.9:
    resolution: {integrity: sha512-p3VT+cOEgxFsRRA9X4lkI1E+k2/CtnKtU4gcxyaCUreilL/vqI6CdZ3wxVUx3UOUg+gnUOQQcRI7BmSI656MYA==}
    dev: false

  /sass/1.48.0:
    resolution: {integrity: sha512-hQi5g4DcfjcipotoHZ80l7GNJHGqQS5LwMBjVYB/TaT0vcSSpbgM8Ad7cgfsB2M0MinbkEQQPO9+sjjSiwxqmw==}
    engines: {node: '>=8.9.0'}
    hasBin: true
    dependencies:
      chokidar: 3.5.2
      immutable: 4.0.0
      source-map-js: 1.0.1
    dev: false

  /source-map-js/1.0.1:
    resolution: {integrity: sha512-4+TN2b3tqOCd/kaGRJ/sTYA0tR0mdXx26ipdolxcwtJVqEnqNYvlCAt1q3ypy4QMlYus+Zh34RNtYLoq2oQ4IA==}
    engines: {node: '>=0.10.0'}
    dev: false

  /svelte/3.27.0:
    resolution: {integrity: sha512-yF8+ikXVaLwP32GhGZ6lT69lXBJ1r9KsYq6W5wDCzpPexiWQydLtqV+Bbc6BYTYeUNEW4Zx+BSXIDp/QleGqRw==}
    engines: {node: '>= 8'}
    dev: false

  /to-regex-range/5.0.1:
    resolution: {integrity: sha512-65P7iz6X5yEr1cwcgvQxbbIw7Uk3gOy5dIdtZ4rDveLqhrdJP+Li/Hx6tyK0NEb+2GCyneCMJiGqrADCSNk8sQ==}
    engines: {node: '>=8.0'}
    dependencies:
      is-number: 7.0.0
    dev: false
